
Microsoft Visual Studio Solution File, Format Version 12.00
# Visual Studio Version 17
VisualStudioVersion = 17.10.35013.160
MinimumVisualStudioVersion = 10.0.40219.1
Project("{FAE04EC0-301F-11D3-BF4B-00C04F79EFBC}") = "Uçuş Rezervasyon Sitesi", "Uçuş Rezervasyon Sitesi\Uçuş Rezervasyon Sitesi.csproj", "{BF964749-1A75-44BC-A7D4-04C39F9668D4}"
EndProject
Global
	GlobalSection(SolutionConfigurationPlatforms) = preSolution
		Debug|Any CPU = Debug|Any CPU
		Release|Any CPU = Release|Any CPU
	EndGlobalSection
	GlobalSection(ProjectConfigurationPlatforms) = postSolution
		{BF964749-1A75-44BC-A7D4-04C39F9668D4}.Debug|Any CPU.ActiveCfg = Debug|Any CPU
		{BF964749-1A75-44BC-A7D4-04C39F9668D4}.Debug|Any CPU.Build.0 = Debug|Any CPU
		{BF964749-1A75-44BC-A7D4-04C39F9668D4}.Release|Any CPU.ActiveCfg = Release|Any CPU
		{BF964749-1A75-44BC-A7D4-04C39F9668D4}.Release|Any CPU.Build.0 = Release|Any CPU
	EndGlobalSection
	GlobalSection(SolutionProperties) = preSolution
		HideSolutionNode = FALSE
	EndGlobalSection
	GlobalSection(ExtensibilityGlobals) = postSolution
		SolutionGuid = {09DA1FFA-8BA8-430B-B531-46354F82D123}
	EndGlobalSection
EndGlobal
